// !$*UTF8*$!
{
	archiveVersion = 1;
	classes = {
	};
	objectVersion = 77;
	objects = {

/* Begin PBXContainerItemProxy section */
		B65592622D6935CC00295107 /* PBXContainerItemProxy */ = {
			isa = PBXContainerItemProxy;
			containerPortal = B65592432D6935CA00295107 /* Project object */;
			proxyType = 1;
			remoteGlobalIDString = B655924A2D6935CA00295107;
			remoteInfo = MachineLearningImageRecognition;
		};
		B655926C2D6935CC00295107 /* PBXContainerItemProxy */ = {
			isa = PBXContainerItemProxy;
			containerPortal = B65592432D6935CA00295107 /* Project object */;
			proxyType = 1;
			remoteGlobalIDString = B655924A2D6935CA00295107;
			remoteInfo = MachineLearningImageRecognition;
		};
/* End PBXContainerItemProxy section */

/* Begin PBXFileReference section */
		B655924B2D6935CA00295107 /* MachineLearningImageRecognition.app */ = {isa = PBXFileReference; explicitFileType = wrapper.application; includeInIndex = 0; path = MachineLearningImageRecognition.app; sourceTree = BUILT_PRODUCTS_DIR; };
		B65592612D6935CC00295107 /* MachineLearningImageRecognitionTests.xctest */ = {isa = PBXFileReference; explicitFileType = wrapper.cfbundle; includeInIndex = 0; path = MachineLearningImageRecognitionTests.xctest; sourceTree = BUILT_PRODUCTS_DIR; };
		B655926B2D6935CC00295107 /* MachineLearningImageRecognitionUITests.xctest */ = {isa = PBXFileReference; explicitFileType = wrapper.cfbundle; includeInIndex = 0; path = MachineLearningImageRecognitionUITests.xctest; sourceTree = BUILT_PRODUCTS_DIR; };
/* End PBXFileReference section */

/* Begin PBXFileSystemSynchronizedBuildFileExceptionSet section */
		B65592732D6935CC00295107 /* Exceptions for "MachineLearningImageRecognition" folder in "MachineLearningImageRecognition" target */ = {
			isa = PBXFileSystemSynchronizedBuildFileExceptionSet;
			membershipExceptions = (
				Info.plist,
			);
			target = B655924A2D6935CA00295107 /* MachineLearningImageRecognition */;
		};
/* End PBXFileSystemSynchronizedBuildFileExceptionSet section */

/* Begin PBXFileSystemSynchronizedRootGroup section */
		B655924D2D6935CA00295107 /* MachineLearningImageRecognition */ = {
			isa = PBXFileSystemSynchronizedRootGroup;
			exceptions = (
				B65592732D6935CC00295107 /* Exceptions for "MachineLearningImageRecognition" folder in "MachineLearningImageRecognition" target */,
			);
			path = MachineLearningImageRecognition;
			sourceTree = "<group>";
		};
		B65592642D6935CC00295107 /* MachineLearningImageRecognitionTests */ = {
			isa = PBXFileSystemSynchronizedRootGroup;
			path = MachineLearningImageRecognitionTests;
			sourceTree = "<group>";
		};
		B655926E2D6935CC00295107 /* MachineLearningImageRecognitionUITests */ = {
			isa = PBXFileSystemSynchronizedRootGroup;
			path = MachineLearningImageRecognitionUITests;
			sourceTree = "<group>";
		};
/* End PBXFileSystemSynchronizedRootGroup section */

/* Begin PBXFrameworksBuildPhase section */
		B65592482D6935CA00295107 /* Frameworks */ = {
			isa = PBXFrameworksBuildPhase;
			buildActionMask = 2147483647;
			files = (
			);
			runOnlyForDeploymentPostprocessing = 0;
		};
		B655925E2D6935CC00295107 /* Frameworks */ = {
			isa = PBXFrameworksBuildPhase;
			buildActionMask = 2147483647;
			files = (
			);
			runOnlyForDeploymentPostprocessing = 0;
		};
		B65592682D6935CC00295107 /* Frameworks */ = {
			isa = PBXFrameworksBuildPhase;
			buildActionMask = 2147483647;
			files = (
			);
			runOnlyForDeploymentPostprocessing = 0;
		};
/* End PBXFrameworksBuildPhase section */

/* Begin PBXGroup section */
		B65592422D6935CA00295107 = {
			isa = PBXGroup;
			children = (
				B655924D2D6935CA00295107 /* MachineLearningImageRecognition */,
				B65592642D6935CC00295107 /* MachineLearningImageRecognitionTests */,
				B655926E2D6935CC00295107 /* MachineLearningImageRecognitionUITests */,
				B655924C2D6935CA00295107 /* Products */,
			);
			sourceTree = "<group>";
		};
		B655924C2D6935CA00295107 /* Products */ = {
			isa = PBXGroup;
			children = (
				B655924B2D6935CA00295107 /* MachineLearningImageRecognition.app */,
				B65592612D6935CC00295107 /* MachineLearningImageRecognitionTests.xctest */,
				B655926B2D6935CC00295107 /* MachineLearningImageRecognitionUITests.xctest */,
			);
			name = Products;
			sourceTree = "<group>";
		};
/* End PBXGroup section */

/* Begin PBXNativeTarget section */
		B655924A2D6935CA00295107 /* MachineLearningImageRecognition */ = {
			isa = PBXNativeTarget;
			buildConfigurationList = B65592742D6935CC00295107 /* Build configuration list for PBXNativeTarget "MachineLearningImageRecognition" */;
			buildPhases = (
				B65592472D6935CA00295107 /* Sources */,
				B65592482D6935CA00295107 /* Frameworks */,
				B65592492D6935CA00295107 /* Resources */,
			);
			buildRules = (
			);
			dependencies = (
			);
			fileSystemSynchronizedGroups = (
				B655924D2D6935CA00295107 /* MachineLearningImageRecognition */,
			);
			name = MachineLearningImageRecognition;
			packageProductDependencies = (
			);
			productName = MachineLearningImageRecognition;
			productReference = B655924B2D6935CA00295107 /* MachineLearningImageRecognition.app */;
			productType = "com.apple.product-type.application";
		};
		B65592602D6935CC00295107 /* MachineLearningImageRecognitionTests */ = {
			isa = PBXNativeTarget;
			buildConfigurationList = B65592792D6935CC00295107 /* Build configuration list for PBXNativeTarget "MachineLearningImageRecognitionTests" */;
			buildPhases = (
				B655925D2D6935CC00295107 /* Sources */,
				B655925E2D6935CC00295107 /* Frameworks */,
				B655925F2D6935CC00295107 /* Resources */,
			);
			buildRules = (
			);
			dependencies = (
				B65592632D6935CC00295107 /* PBXTargetDependency */,
			);
			fileSystemSynchronizedGroups = (
				B65592642D6935CC00295107 /* MachineLearningImageRecognitionTests */,
			);
			name = MachineLearningImageRecognitionTests;
			packageProductDependencies = (
			);
			productName = MachineLearningImageRecognitionTests;
			productReference = B65592612D6935CC00295107 /* MachineLearningImageRecognitionTests.xctest */;
			productType = "com.apple.product-type.bundle.unit-test";
		};
		B655926A2D6935CC00295107 /* MachineLearningImageRecognitionUITests */ = {
			isa = PBXNativeTarget;
			buildConfigurationList = B655927C2D6935CC00295107 /* Build configuration list for PBXNativeTarget "MachineLearningImageRecognitionUITests" */;
			buildPhases = (
				B65592672D6935CC00295107 /* Sources */,
				B65592682D6935CC00295107 /* Frameworks */,
				B65592692D6935CC00295107 /* Resources */,
			);
			buildRules = (
			);
			dependencies = (
				B655926D2D6935CC00295107 /* PBXTargetDependency */,
			);
			fileSystemSynchronizedGroups = (
				B655926E2D6935CC00295107 /* MachineLearningImageRecognitionUITests */,
			);
			name = MachineLearningImageRecognitionUITests;
			packageProductDependencies = (
			);
			productName = MachineLearningImageRecognitionUITests;
			productReference = B655926B2D6935CC00295107 /* MachineLearningImageRecognitionUITests.xctest */;
			productType = "com.apple.product-type.bundle.ui-testing";
		};
/* End PBXNativeTarget section */

/* Begin PBXProject section */
		B65592432D6935CA00295107 /* Project object */ = {
			isa = PBXProject;
			attributes = {
				BuildIndependentTargetsInParallel = 1;
				LastSwiftUpdateCheck = 1620;
				LastUpgradeCheck = 1620;
				TargetAttributes = {
					B655924A2D6935CA00295107 = {
						CreatedOnToolsVersion = 16.2;
					};
					B65592602D6935CC00295107 = {
						CreatedOnToolsVersion = 16.2;
						TestTargetID = B655924A2D6935CA00295107;
					};
					B655926A2D6935CC00295107 = {
						CreatedOnToolsVersion = 16.2;
						TestTargetID = B655924A2D6935CA00295107;
					};
				};
			};
			buildConfigurationList = B65592462D6935CA00295107 /* Build configuration list for PBXProject "MachineLearningImageRecognition" */;
			developmentRegion = en;
			hasScannedForEncodings = 0;
			knownRegions = (
				en,
				Base,
			);
			mainGroup = B65592422D6935CA00295107;
			minimizedProjectReferenceProxies = 1;
			preferredProjectObjectVersion = 77;
			productRefGroup = B655924C2D6935CA00295107 /* Products */;
			projectDirPath = "";
			projectRoot = "";
			targets = (
				B655924A2D6935CA00295107 /* MachineLearningImageRecognition */,
				B65592602D6935CC00295107 /* MachineLearningImageRecognitionTests */,
				B655926A2D6935CC00295107 /* MachineLearningImageRecognitionUITests */,
			);
		};
/* End PBXProject section */

/* Begin PBXResourcesBuildPhase section */
		B65592492D6935CA00295107 /* Resources */ = {
			isa = PBXResourcesBuildPhase;
			buildActionMask = 2147483647;
			files = (
			);
			runOnlyForDeploymentPostprocessing = 0;
		};
		B655925F2D6935CC00295107 /* Resources */ = {
			isa = PBXResourcesBuildPhase;
			buildActionMask = 2147483647;
			files = (
			);
			runOnlyForDeploymentPostprocessing = 0;
		};
		B65592692D6935CC00295107 /* Resources */ = {
			isa = PBXResourcesBuildPhase;
			buildActionMask = 2147483647;
			files = (
			);
			runOnlyForDeploymentPostprocessing = 0;
		};
/* End PBXResourcesBuildPhase section */

/* Begin PBXSourcesBuildPhase section */
		B65592472D6935CA00295107 /* Sources */ = {
			isa = PBXSourcesBuildPhase;
			buildActionMask = 2147483647;
			files = (
			);
			runOnlyForDeploymentPostprocessing = 0;
		};
		B655925D2D6935CC00295107 /* Sources */ = {
			isa = PBXSourcesBuildPhase;
			buildActionMask = 2147483647;
			files = (
			);
			runOnlyForDeploymentPostprocessing = 0;
		};
		B65592672D6935CC00295107 /* Sources */ = {
			isa = PBXSourcesBuildPhase;
			buildActionMask = 2147483647;
			files = (
			);
			runOnlyForDeploymentPostprocessing = 0;
		};
/* End PBXSourcesBuildPhase section */

/* Begin PBXTargetDependency section */
		B65592632D6935CC00295107 /* PBXTargetDependency */ = {
			isa = PBXTargetDependency;
			target = B655924A2D6935CA00295107 /* MachineLearningImageRecognition */;
			targetProxy = B65592622D6935CC00295107 /* PBXContainerItemProxy */;
		};
		B655926D2D6935CC00295107 /* PBXTargetDependency */ = {
			isa = PBXTargetDependency;
			target = B655924A2D6935CA00295107 /* MachineLearningImageRecognition */;
			targetProxy = B655926C2D6935CC00295107 /* PBXContainerItemProxy */;
		};
/* End PBXTargetDependency section */

/* Begin XCBuildConfiguration section */
		B65592752D6935CC00295107 /* Debug */ = {
			isa = XCBuildConfiguration;
			buildSettings = {
				ASSETCATALOG_COMPILER_APPICON_NAME = AppIcon;
				ASSETCATALOG_COMPILER_GLOBAL_ACCENT_COLOR_NAME = AccentColor;
				CODE_SIGN_STYLE = Automatic;
				CURRENT_PROJECT_VERSION = 1;
				DEVELOPMENT_TEAM = H84WUS4V8F;
				GENERATE_INFOPLIST_FILE = YES;
				INFOPLIST_FILE = MachineLearningImageRecognition/Info.plist;
				INFOPLIST_KEY_UIApplicationSupportsIndirectInputEvents = YES;
				INFOPLIST_KEY_UILaunchStoryboardName = LaunchScreen;
				INFOPLIST_KEY_UIMainStoryboardFile = Main;
				INFOPLIST_KEY_UISupportedInterfaceOrientations_iPad = "UIInterfaceOrientationPortrait UIInterfaceOrientationPortraitUpsideDown UIInterfaceOrientationLandscapeLeft UIInterfaceOrientationLandscapeRight";
				INFOPLIST_KEY_UISupportedInterfaceOrientations_iPhone = "UIInterfaceOrientationPortrait UIInterfaceOrientationLandscapeLeft UIInterfaceOrientationLandscapeRight";
				LD_RUNPATH_SEARCH_PATHS = (
					"$(inherited)",
					"@executable_path/Frameworks",
				);
				MARKETING_VERSION = 1.0;
				PRODUCT_BUNDLE_IDENTIFIER = com.yaseminsalan.MachineLearningImageRecognition;
				PRODUCT_NAME = "$(TARGET_NAME)";
				SWIFT_EMIT_LOC_STRINGS = YES;
				SWIFT_VERSION = 5.0;
				TARGETED_DEVICE_FAMILY = "1,2";
			};
			name = Debug;
		};
		B65592762D6935CC00295107 /* Release */ = {
			isa = XCBuildConfiguration;
			buildSettings = {
				ASSETCATALOG_COMPILER_APPICON_NAME = AppIcon;
				ASSETCATALOG_COMPILER_GLOBAL_ACCENT_COLOR_NAME = AccentColor;
				CODE_SIGN_STYLE = Automatic;
				CURRENT_PROJECT_VERSION = 1;
				DEVELOPMENT_TEAM = H84WUS4V8F;
				GENERATE_INFOPLIST_FILE = YES;
				INFOPLIST_FILE = MachineLearningImageRecognition/Info.plist;
				INFOPLIST_KEY_UIApplicationSupportsIndirectInputEvents = YES;
				INFOPLIST_KEY_UILaunchStoryboardName = LaunchScreen;
				INFOPLIST_KEY_UIMainStoryboardFile = Main;
				INFOPLIST_KEY_UISupportedInterfaceOrientations_iPad = "UIInterfaceOrientationPortrait UIInterfaceOrientationPortraitUpsideDown UIInterfaceOrientationLandscapeLeft UIInterfaceOrientationLandscapeRight";
				INFOPLIST_KEY_UISupportedInterfaceOrientations_iPhone = "UIInterfaceOrientationPortrait UIInterfaceOrientationLandscapeLeft UIInterfaceOrientationLandscapeRight";
				LD_RUNPATH_SEARCH_PATHS = (
					"$(inherited)",
					"@executable_path/Frameworks",
				);
				MARKETING_VERSION = 1.0;
				PRODUCT_BUNDLE_IDENTIFIER = com.yaseminsalan.MachineLearningImageRecognition;
				PRODUCT_NAME = "$(TARGET_NAME)";
				SWIFT_EMIT_LOC_STRINGS = YES;
				SWIFT_VERSION = 5.0;
				TARGETED_DEVICE_FAMILY = "1,2";
			};
			name = Release;
		};
		B65592772D6935CC00295107 /* Debug */ = {
			isa = XCBuildConfiguration;
			buildSettings = {
				ALWAYS_SEARCH_USER_PATHS = NO;
				ASSETCATALOG_COMPILER_GENERATE_SWIFT_ASSET_SYMBOL_EXTENSIONS = YES;
				CLANG_ANALYZER_NONNULL = YES;
				CLANG_ANALYZER_NUMBER_OBJECT_CONVERSION = YES_AGGRESSIVE;
				CLANG_CXX_LANGUAGE_STANDARD = "gnu++20";
				CLANG_ENABLE_MODULES = YES;
				CLANG_ENABLE_OBJC_ARC = YES;
				CLANG_ENABLE_OBJC_WEAK = YES;
				CLANG_WARN_BLOCK_CAPTURE_AUTORELEASING = YES;
				CLANG_WARN_BOOL_CONVERSION = YES;
				CLANG_WARN_COMMA = YES;
				CLANG_WARN_CONSTANT_CONVERSION = YES;
				CLANG_WARN_DEPRECATED_OBJC_IMPLEMENTATIONS = YES;
				CLANG_WARN_DIRECT_OBJC_ISA_USAGE = YES_ERROR;
				CLANG_WARN_DOCUMENTATION_COMMENTS = YES;
				CLANG_WARN_EMPTY_BODY = YES;
				CLANG_WARN_ENUM_CONVERSION = YES;
				CLANG_WARN_INFINITE_RECURSION = YES;
				CLANG_WARN_INT_CONVERSION = YES;
				CLANG_WARN_NON_LITERAL_NULL_CONVERSION = YES;
				CLANG_WARN_OBJC_IMPLICIT_RETAIN_SELF = YES;
				CLANG_WARN_OBJC_LITERAL_CONVERSION = YES;
				CLANG_WARN_OBJC_ROOT_CLASS = YES_ERROR;
				CLANG_WARN_QUOTED_INCLUDE_IN_FRAMEWORK_HEADER = YES;
				CLANG_WARN_RANGE_LOOP_ANALYSIS = YES;
				CLANG_WARN_STRICT_PROTOTYPES = YES;
				CLANG_WARN_SUSPICIOUS_MOVE = YES;
				CLANG_WARN_UNGUARDED_AVAILABILITY = YES_AGGRESSIVE;
				CLANG_WARN_UNREACHABLE_CODE = YES;
				CLANG_WARN__DUPLICATE_METHOD_MATCH = YES;
				COPY_PHASE_STRIP = NO;
				DEBUG_INFORMATION_FORMAT = dwarf;
				ENABLE_STRICT_OBJC_MSGSEND = YES;
				ENABLE_TESTABILITY = YES;
				ENABLE_USER_SCRIPT_SANDBOXING = YES;
				GCC_C_LANGUAGE_STANDARD = gnu17;
				GCC_DYNAMIC_NO_PIC = NO;
				GCC_NO_COMMON_BLOCKS = YES;
				GCC_OPTIMIZATION_LEVEL = 0;
				GCC_PREPROCESSOR_DEFINITIONS = (
					"DEBUG=1",
					"$(inherited)",
				);
				GCC_WARN_64_TO_32_BIT_CONVERSION = YES;
				GCC_WARN_ABOUT_RETURN_TYPE = YES_ERROR;
				GCC_WARN_UNDECLARED_SELECTOR = YES;
				GCC_WARN_UNINITIALIZED_AUTOS = YES_AGGRESSIVE;
				GCC_WARN_UNUSED_FUNCTION = YES;
				GCC_WARN_UNUSED_VARIABLE = YES;
				IPHONEOS_DEPLOYMENT_TARGET = 18.2;
				LOCALIZATION_PREFERS_STRING_CATALOGS = YES;
				MTL_ENABLE_DEBUG_INFO = INCLUDE_SOURCE;
				MTL_FAST_MATH = YES;
				ONLY_ACTIVE_ARCH = YES;
				SDKROOT = iphoneos;
				SWIFT_ACTIVE_COMPILATION_CONDITIONS = "DEBUG $(inherited)";
				SWIFT_OPTIMIZATION_LEVEL = "-Onone";
			};
			name = Debug;
		};
		B65592782D6935CC00295107 /* Release */ = {
			isa = XCBuildConfiguration;
			buildSettings = {
				ALWAYS_SEARCH_USER_PATHS = NO;
				ASSETCATALOG_COMPILER_GENERATE_SWIFT_ASSET_SYMBOL_EXTENSIONS = YES;
				CLANG_ANALYZER_NONNULL = YES;
				CLANG_ANALYZER_NUMBER_OBJECT_CONVERSION = YES_AGGRESSIVE;
				CLANG_CXX_LANGUAGE_STANDARD = "gnu++20";
				CLANG_ENABLE_MODULES = YES;
				CLANG_ENABLE_OBJC_ARC = YES;
				CLANG_ENABLE_OBJC_WEAK = YES;
				CLANG_WARN_BLOCK_CAPTURE_AUTORELEASING = YES;
				CLANG_WARN_BOOL_CONVERSION = YES;
				CLANG_WARN_COMMA = YES;
				CLANG_WARN_CONSTANT_CONVERSION = YES;
				CLANG_WARN_DEPRECATED_OBJC_IMPLEMENTATIONS = YES;
				CLANG_WARN_DIRECT_OBJC_ISA_USAGE = YES_ERROR;
				CLANG_WARN_DOCUMENTATION_COMMENTS = YES;
				CLANG_WARN_EMPTY_BODY = YES;
				CLANG_WARN_ENUM_CONVERSION = YES;
				CLANG_WARN_INFINITE_RECURSION = YES;
				CLANG_WARN_INT_CONVERSION = YES;
				CLANG_WARN_NON_LITERAL_NULL_CONVERSION = YES;
				CLANG_WARN_OBJC_IMPLICIT_RETAIN_SELF = YES;
				CLANG_WARN_OBJC_LITERAL_CONVERSION = YES;
				CLANG_WARN_OBJC_ROOT_CLASS = YES_ERROR;
				CLANG_WARN_QUOTED_INCLUDE_IN_FRAMEWORK_HEADER = YES;
				CLANG_WARN_RANGE_LOOP_ANALYSIS = YES;
				CLANG_WARN_STRICT_PROTOTYPES = YES;
				CLANG_WARN_SUSPICIOUS_MOVE = YES;
				CLANG_WARN_UNGUARDED_AVAILABILITY = YES_AGGRESSIVE;
				CLANG_WARN_UNREACHABLE_CODE = YES;
				CLANG_WARN__DUPLICATE_METHOD_MATCH = YES;
				COPY_PHASE_STRIP = NO;
				DEBUG_INFORMATION_FORMAT = "dwarf-with-dsym";
				ENABLE_NS_ASSERTIONS = NO;
				ENABLE_STRICT_OBJC_MSGSEND = YES;
				ENABLE_USER_SCRIPT_SANDBOXING = YES;
				GCC_C_LANGUAGE_STANDARD = gnu17;
				GCC_NO_COMMON_BLOCKS = YES;
				GCC_WARN_64_TO_32_BIT_CONVERSION = YES;
				GCC_WARN_ABOUT_RETURN_TYPE = YES_ERROR;
				GCC_WARN_UNDECLARED_SELECTOR = YES;
				GCC_WARN_UNINITIALIZED_AUTOS = YES_AGGRESSIVE;
				GCC_WARN_UNUSED_FUNCTION = YES;
				GCC_WARN_UNUSED_VARIABLE = YES;
				IPHONEOS_DEPLOYMENT_TARGET = 18.2;
				LOCALIZATION_PREFERS_STRING_CATALOGS = YES;
				MTL_ENABLE_DEBUG_INFO = NO;
				MTL_FAST_MATH = YES;
				SDKROOT = iphoneos;
				SWIFT_COMPILATION_MODE = wholemodule;
				VALIDATE_PRODUCT = YES;
			};
			name = Release;
		};
		B655927A2D6935CC00295107 /* Debug */ = {
			isa = XCBuildConfiguration;
			buildSettings = {
				BUNDLE_LOADER = "$(TEST_HOST)";
				CODE_SIGN_STYLE = Automatic;
				CURRENT_PROJECT_VERSION = 1;
				DEVELOPMENT_TEAM = H84WUS4V8F;
				GENERATE_INFOPLIST_FILE = YES;
				IPHONEOS_DEPLOYMENT_TARGET = 18.2;
				MARKETING_VERSION = 1.0;
				PRODUCT_BUNDLE_IDENTIFIER = com.yaseminsalan.MachineLearningImageRecognitionTests;
				PRODUCT_NAME = "$(TARGET_NAME)";
				SWIFT_EMIT_LOC_STRINGS = NO;
				SWIFT_VERSION = 5.0;
				TARGETED_DEVICE_FAMILY = "1,2";
				TEST_HOST = "$(BUILT_PRODUCTS_DIR)/MachineLearningImageRecognition.app/$(BUNDLE_EXECUTABLE_FOLDER_PATH)/MachineLearningImageRecognition";
			};
			name = Debug;
		};
		B655927B2D6935CC00295107 /* Release */ = {
			isa = XCBuildConfiguration;
			buildSettings = {
				BUNDLE_LOADER = "$(TEST_HOST)";
				CODE_SIGN_STYLE = Automatic;
				CURRENT_PROJECT_VERSION = 1;
				DEVELOPMENT_TEAM = H84WUS4V8F;
				GENERATE_INFOPLIST_FILE = YES;
				IPHONEOS_DEPLOYMENT_TARGET = 18.2;
				MARKETING_VERSION = 1.0;
				PRODUCT_BUNDLE_IDENTIFIER = com.yaseminsalan.MachineLearningImageRecognitionTests;
				PRODUCT_NAME = "$(TARGET_NAME)";
				SWIFT_EMIT_LOC_STRINGS = NO;
				SWIFT_VERSION = 5.0;
				TARGETED_DEVICE_FAMILY = "1,2";
				TEST_HOST = "$(BUILT_PRODUCTS_DIR)/MachineLearningImageRecognition.app/$(BUNDLE_EXECUTABLE_FOLDER_PATH)/MachineLearningImageRecognition";
			};
			name = Release;
		};
		B655927D2D6935CC00295107 /* Debug */ = {
			isa = XCBuildConfiguration;
			buildSettings = {
				CODE_SIGN_STYLE = Automatic;
				CURRENT_PROJECT_VERSION = 1;
				DEVELOPMENT_TEAM = H84WUS4V8F;
				GENERATE_INFOPLIST_FILE = YES;
				MARKETING_VERSION = 1.0;
				PRODUCT_BUNDLE_IDENTIFIER = com.yaseminsalan.MachineLearningImageRecognitionUITests;
				PRODUCT_NAME = "$(TARGET_NAME)";
				SWIFT_EMIT_LOC_STRINGS = NO;
				SWIFT_VERSION = 5.0;
				TARGETED_DEVICE_FAMILY = "1,2";
				TEST_TARGET_NAME = MachineLearningImageRecognition;
			};
			name = Debug;
		};
		B655927E2D6935CC00295107 /* Release */ = {
			isa = XCBuildConfiguration;
			buildSettings = {
				CODE_SIGN_STYLE = Automatic;
				CURRENT_PROJECT_VERSION = 1;
				DEVELOPMENT_TEAM = H84WUS4V8F;
				GENERATE_INFOPLIST_FILE = YES;
				MARKETING_VERSION = 1.0;
				PRODUCT_BUNDLE_IDENTIFIER = com.yaseminsalan.MachineLearningImageRecognitionUITests;
				PRODUCT_NAME = "$(TARGET_NAME)";
				SWIFT_EMIT_LOC_STRINGS = NO;
				SWIFT_VERSION = 5.0;
				TARGETED_DEVICE_FAMILY = "1,2";
				TEST_TARGET_NAME = MachineLearningImageRecognition;
			};
			name = Release;
		};
/* End XCBuildConfiguration section */

/* Begin XCConfigurationList section */
		B65592462D6935CA00295107 /* Build configuration list for PBXProject "MachineLearningImageRecognition" */ = {
			isa = XCConfigurationList;
			buildConfigurations = (
				B65592772D6935CC00295107 /* Debug */,
				B65592782D6935CC00295107 /* Release */,
			);
			defaultConfigurationIsVisible = 0;
			defaultConfigurationName = Release;
		};
		B65592742D6935CC00295107 /* Build configuration list for PBXNativeTarget "MachineLearningImageRecognition" */ = {
			isa = XCConfigurationList;
			buildConfigurations = (
				B65592752D6935CC00295107 /* Debug */,
				B65592762D6935CC00295107 /* Release */,
			);
			defaultConfigurationIsVisible = 0;
			defaultConfigurationName = Release;
		};
		B65592792D6935CC00295107 /* Build configuration list for PBXNativeTarget "MachineLearningImageRecognitionTests" */ = {
			isa = XCConfigurationList;
			buildConfigurations = (
				B655927A2D6935CC00295107 /* Debug */,
				B655927B2D6935CC00295107 /* Release */,
			);
			defaultConfigurationIsVisible = 0;
			defaultConfigurationName = Release;
		};
		B655927C2D6935CC00295107 /* Build configuration list for PBXNativeTarget "MachineLearningImageRecognitionUITests" */ = {
			isa = XCConfigurationList;
			buildConfigurations = (
				B655927D2D6935CC00295107 /* Debug */,
				B655927E2D6935CC00295107 /* Release */,
			);
			defaultConfigurationIsVisible = 0;
			defaultConfigurationName = Release;
		};
/* End XCConfigurationList section */
	};
	rootObject = B65592432D6935CA00295107 /* Project object */;
}
